
Microsoft Visual Studio Solution File, Format Version 12.00
# Visual Studio Version 17
VisualStudioVersion = 17.14.36511.14
MinimumVisualStudioVersion = 10.0.40219.1
Project("{2150E333-8FDC-42A3-9474-1A3956D46DE8}") = "Services", "Services", "{02EA681E-C7D8-13C7-8484-4AC65E1B71E8}"
EndProject
Project("{2150E333-8FDC-42A3-9474-1A3956D46DE8}") = "Catalog", "Catalog", "{EC4E343B-BC86-4777-9497-E10CED275244}"
EndProject
Project("{FAE04EC0-301F-11D3-BF4B-00C04F79EFBC}") = "Catalog.Api", "Services\Catalog\Catalog.Api\Catalog.Api.csproj", "{1314F73D-E0C2-468C-8EB0-93A6FCB6C5F4}"
EndProject
Global
	GlobalSection(SolutionConfigurationPlatforms) = preSolution
		Debug|Any CPU = Debug|Any CPU
		Release|Any CPU = Release|Any CPU
	EndGlobalSection
	GlobalSection(ProjectConfigurationPlatforms) = postSolution
		{1314F73D-E0C2-468C-8EB0-93A6FCB6C5F4}.Debug|Any CPU.ActiveCfg = Debug|Any CPU
		{1314F73D-E0C2-468C-8EB0-93A6FCB6C5F4}.Debug|Any CPU.Build.0 = Debug|Any CPU
		{1314F73D-E0C2-468C-8EB0-93A6FCB6C5F4}.Release|Any CPU.ActiveCfg = Release|Any CPU
		{1314F73D-E0C2-468C-8EB0-93A6FCB6C5F4}.Release|Any CPU.Build.0 = Release|Any CPU
	EndGlobalSection
	GlobalSection(SolutionProperties) = preSolution
		HideSolutionNode = FALSE
	EndGlobalSection
	GlobalSection(NestedProjects) = preSolution
		{EC4E343B-BC86-4777-9497-E10CED275244} = {02EA681E-C7D8-13C7-8484-4AC65E1B71E8}
		{1314F73D-E0C2-468C-8EB0-93A6FCB6C5F4} = {EC4E343B-BC86-4777-9497-E10CED275244}
	EndGlobalSection
	GlobalSection(ExtensibilityGlobals) = postSolution
		SolutionGuid = {F575836D-2F0F-44C4-A012-291F0577F6B8}
	EndGlobalSection
EndGlobal
